
Microsoft Visual Studio Solution File, Format Version 12.00
# Visual Studio Version 16
VisualStudioVersion = 16.0.31911.196
MinimumVisualStudioVersion = 10.0.40219.1
Project("{FAE04EC0-301F-11D3-BF4B-00C04F79EFBC}") = "VCELL_Emulator", "VCELL_Emulator.csproj", "{4817E2CD-A9CC-413A-838D-AF1C8D718222}"
EndProject
Global
	GlobalSection(SolutionConfigurationPlatforms) = preSolution
		Debug|Any CPU = Debug|Any CPU
		Release|Any CPU = Release|Any CPU
	EndGlobalSection
	GlobalSection(ProjectConfigurationPlatforms) = postSolution
		{4817E2CD-A9CC-413A-838D-AF1C8D718222}.Debug|Any CPU.ActiveCfg = Debug|Any CPU
		{4817E2CD-A9CC-413A-838D-AF1C8D718222}.Debug|Any CPU.Build.0 = Debug|Any CPU
		{4817E2CD-A9CC-413A-838D-AF1C8D718222}.Release|Any CPU.ActiveCfg = Release|Any CPU
		{4817E2CD-A9CC-413A-838D-AF1C8D718222}.Release|Any CPU.Build.0 = Release|Any CPU
	EndGlobalSection
	GlobalSection(SolutionProperties) = preSolution
		HideSolutionNode = FALSE
	EndGlobalSection
	GlobalSection(ExtensibilityGlobals) = postSolution
		SolutionGuid = {064F5C07-B5AB-4322-A63E-9CEFEF4CAC6A}
	EndGlobalSection
EndGlobal
